// !$*UTF8*$!
{
	archiveVersion = 1;
	classes = {
	};
	objectVersion = 56;
	objects = {

/* Begin PBXBuildFile section */
		C30F7E8C29E1EDA00001666E /* AppDelegate.swift in Sources */ = {isa = PBXBuildFile; fileRef = C30F7E8B29E1EDA00001666E /* AppDelegate.swift */; };
		C30F7E8E29E1EDA00001666E /* SceneDelegate.swift in Sources */ = {isa = PBXBuildFile; fileRef = C30F7E8D29E1EDA00001666E /* SceneDelegate.swift */; };
		C30F7E9029E1EDA00001666E /* ViewController.swift in Sources */ = {isa = PBXBuildFile; fileRef = C30F7E8F29E1EDA00001666E /* ViewController.swift */; };
		C30F7E9529E1EDA20001666E /* Assets.xcassets in Resources */ = {isa = PBXBuildFile; fileRef = C30F7E9429E1EDA20001666E /* Assets.xcassets */; };
		C30F7E9829E1EDA20001666E /* LaunchScreen.storyboard in Resources */ = {isa = PBXBuildFile; fileRef = C30F7E9629E1EDA20001666E /* LaunchScreen.storyboard */; };
		C30F7EA329E1EDA20001666E /* GenericNetworkLayerTests.swift in Sources */ = {isa = PBXBuildFile; fileRef = C30F7EA229E1EDA20001666E /* GenericNetworkLayerTests.swift */; };
		C30F7EAD29E1EDA20001666E /* GenericNetworkLayerUITests.swift in Sources */ = {isa = PBXBuildFile; fileRef = C30F7EAC29E1EDA20001666E /* GenericNetworkLayerUITests.swift */; };
		C30F7EAF29E1EDA20001666E /* GenericNetworkLayerUITestsLaunchTests.swift in Sources */ = {isa = PBXBuildFile; fileRef = C30F7EAE29E1EDA20001666E /* GenericNetworkLayerUITestsLaunchTests.swift */; };
		C30F7EC129E1EEED0001666E /* NetworkHelper.swift in Sources */ = {isa = PBXBuildFile; fileRef = C30F7EC029E1EEED0001666E /* NetworkHelper.swift */; };
		C30F7EC329E1EEFC0001666E /* NetworkManager.swift in Sources */ = {isa = PBXBuildFile; fileRef = C30F7EC229E1EEFC0001666E /* NetworkManager.swift */; };
		C30F7EC629E1F71F0001666E /* PostManager.swift in Sources */ = {isa = PBXBuildFile; fileRef = C30F7EC529E1F71F0001666E /* PostManager.swift */; };
		C30F7EC829E1FD2B0001666E /* Post.swift in Sources */ = {isa = PBXBuildFile; fileRef = C30F7EC729E1FD2B0001666E /* Post.swift */; };
		C30F7ECA29E1FE760001666E /* PostViewModel.swift in Sources */ = {isa = PBXBuildFile; fileRef = C30F7EC929E1FE760001666E /* PostViewModel.swift */; };
		C30F7ECC29E1FFCC0001666E /* Comment.swift in Sources */ = {isa = PBXBuildFile; fileRef = C30F7ECB29E1FFCC0001666E /* Comment.swift */; };
		C3FEAF9D29E2B7360051CD29 /* Alamofire in Frameworks */ = {isa = PBXBuildFile; productRef = C3FEAF9C29E2B7360051CD29 /* Alamofire */; };
/* End PBXBuildFile section */

/* Begin PBXContainerItemProxy section */
		C30F7E9F29E1EDA20001666E /* PBXContainerItemProxy */ = {
			isa = PBXContainerItemProxy;
			containerPortal = C30F7E8029E1EDA00001666E /* Project object */;
			proxyType = 1;
			remoteGlobalIDString = C30F7E8729E1EDA00001666E;
			remoteInfo = GenericNetworkLayer;
		};
		C30F7EA929E1EDA20001666E /* PBXContainerItemProxy */ = {
			isa = PBXContainerItemProxy;
			containerPortal = C30F7E8029E1EDA00001666E /* Project object */;
			proxyType = 1;
			remoteGlobalIDString = C30F7E8729E1EDA00001666E;
			remoteInfo = GenericNetworkLayer;
		};
/* End PBXContainerItemProxy section */

/* Begin PBXFileReference section */
		C30F7E8829E1EDA00001666E /* GenericNetworkLayer.app */ = {isa = PBXFileReference; explicitFileType = wrapper.application; includeInIndex = 0; path = GenericNetworkLayer.app; sourceTree = BUILT_PRODUCTS_DIR; };
		C30F7E8B29E1EDA00001666E /* AppDelegate.swift */ = {isa = PBXFileReference; lastKnownFileType = sourcecode.swift; path = AppDelegate.swift; sourceTree = "<group>"; };
		C30F7E8D29E1EDA00001666E /* SceneDelegate.swift */ = {isa = PBXFileReference; lastKnownFileType = sourcecode.swift; path = SceneDelegate.swift; sourceTree = "<group>"; };
		C30F7E8F29E1EDA00001666E /* ViewController.swift */ = {isa = PBXFileReference; lastKnownFileType = sourcecode.swift; path = ViewController.swift; sourceTree = "<group>"; };
		C30F7E9429E1EDA20001666E /* Assets.xcassets */ = {isa = PBXFileReference; lastKnownFileType = folder.assetcatalog; path = Assets.xcassets; sourceTree = "<group>"; };
		C30F7E9729E1EDA20001666E /* Base */ = {isa = PBXFileReference; lastKnownFileType = file.storyboard; name = Base; path = Base.lproj/LaunchScreen.storyboard; sourceTree = "<group>"; };
		C30F7E9929E1EDA20001666E /* Info.plist */ = {isa = PBXFileReference; lastKnownFileType = text.plist.xml; path = Info.plist; sourceTree = "<group>"; };
		C30F7E9E29E1EDA20001666E /* GenericNetworkLayerTests.xctest */ = {isa = PBXFileReference; explicitFileType = wrapper.cfbundle; includeInIndex = 0; path = GenericNetworkLayerTests.xctest; sourceTree = BUILT_PRODUCTS_DIR; };
		C30F7EA229E1EDA20001666E /* GenericNetworkLayerTests.swift */ = {isa = PBXFileReference; lastKnownFileType = sourcecode.swift; path = GenericNetworkLayerTests.swift; sourceTree = "<group>"; };
		C30F7EA829E1EDA20001666E /* GenericNetworkLayerUITests.xctest */ = {isa = PBXFileReference; explicitFileType = wrapper.cfbundle; includeInIndex = 0; path = GenericNetworkLayerUITests.xctest; sourceTree = BUILT_PRODUCTS_DIR; };
		C30F7EAC29E1EDA20001666E /* GenericNetworkLayerUITests.swift */ = {isa = PBXFileReference; lastKnownFileType = sourcecode.swift; path = GenericNetworkLayerUITests.swift; sourceTree = "<group>"; };
		C30F7EAE29E1EDA20001666E /* GenericNetworkLayerUITestsLaunchTests.swift */ = {isa = PBXFileReference; lastKnownFileType = sourcecode.swift; path = GenericNetworkLayerUITestsLaunchTests.swift; sourceTree = "<group>"; };
		C30F7EC029E1EEED0001666E /* NetworkHelper.swift */ = {isa = PBXFileReference; lastKnownFileType = sourcecode.swift; path = NetworkHelper.swift; sourceTree = "<group>"; };
		C30F7EC229E1EEFC0001666E /* NetworkManager.swift */ = {isa = PBXFileReference; lastKnownFileType = sourcecode.swift; path = NetworkManager.swift; sourceTree = "<group>"; };
		C30F7EC529E1F71F0001666E /* PostManager.swift */ = {isa = PBXFileReference; lastKnownFileType = sourcecode.swift; path = PostManager.swift; sourceTree = "<group>"; };
		C30F7EC729E1FD2B0001666E /* Post.swift */ = {isa = PBXFileReference; lastKnownFileType = sourcecode.swift; path = Post.swift; sourceTree = "<group>"; };
		C30F7EC929E1FE760001666E /* PostViewModel.swift */ = {isa = PBXFileReference; lastKnownFileType = sourcecode.swift; path = PostViewModel.swift; sourceTree = "<group>"; };
		C30F7ECB29E1FFCC0001666E /* Comment.swift */ = {isa = PBXFileReference; lastKnownFileType = sourcecode.swift; path = Comment.swift; sourceTree = "<group>"; };
/* End PBXFileReference section */

/* Begin PBXFrameworksBuildPhase section */
		C30F7E8529E1EDA00001666E /* Frameworks */ = {
			isa = PBXFrameworksBuildPhase;
			buildActionMask = 2147483647;
			files = (
				C3FEAF9D29E2B7360051CD29 /* Alamofire in Frameworks */,
			);
			runOnlyForDeploymentPostprocessing = 0;
		};
		C30F7E9B29E1EDA20001666E /* Frameworks */ = {
			isa = PBXFrameworksBuildPhase;
			buildActionMask = 2147483647;
			files = (
			);
			runOnlyForDeploymentPostprocessing = 0;
		};
		C30F7EA529E1EDA20001666E /* Frameworks */ = {
			isa = PBXFrameworksBuildPhase;
			buildActionMask = 2147483647;
			files = (
			);
			runOnlyForDeploymentPostprocessing = 0;
		};
/* End PBXFrameworksBuildPhase section */

/* Begin PBXGroup section */
		C30F7E7F29E1EDA00001666E = {
			isa = PBXGroup;
			children = (
				C30F7E8A29E1EDA00001666E /* GenericNetworkLayer */,
				C30F7EA129E1EDA20001666E /* GenericNetworkLayerTests */,
				C30F7EAB29E1EDA20001666E /* GenericNetworkLayerUITests */,
				C30F7E8929E1EDA00001666E /* Products */,
			);
			sourceTree = "<group>";
		};
		C30F7E8929E1EDA00001666E /* Products */ = {
			isa = PBXGroup;
			children = (
				C30F7E8829E1EDA00001666E /* GenericNetworkLayer.app */,
				C30F7E9E29E1EDA20001666E /* GenericNetworkLayerTests.xctest */,
				C30F7EA829E1EDA20001666E /* GenericNetworkLayerUITests.xctest */,
			);
			name = Products;
			sourceTree = "<group>";
		};
		C30F7E8A29E1EDA00001666E /* GenericNetworkLayer */ = {
			isa = PBXGroup;
			children = (
				C30F7EBF29E1EEC00001666E /* Utils */,
				C30F7EBE29E1EEB70001666E /* View */,
				C30F7EBD29E1EEB10001666E /* ViewModel */,
				C30F7EBC29E1EEA70001666E /* Model */,
				C30F7EBB29E1EE8A0001666E /* Core */,
				C30F7E9429E1EDA20001666E /* Assets.xcassets */,
				C30F7E9629E1EDA20001666E /* LaunchScreen.storyboard */,
				C30F7E9929E1EDA20001666E /* Info.plist */,
			);
			path = GenericNetworkLayer;
			sourceTree = "<group>";
		};
		C30F7EA129E1EDA20001666E /* GenericNetworkLayerTests */ = {
			isa = PBXGroup;
			children = (
				C30F7EA229E1EDA20001666E /* GenericNetworkLayerTests.swift */,
			);
			path = GenericNetworkLayerTests;
			sourceTree = "<group>";
		};
		C30F7EAB29E1EDA20001666E /* GenericNetworkLayerUITests */ = {
			isa = PBXGroup;
			children = (
				C30F7EAC29E1EDA20001666E /* GenericNetworkLayerUITests.swift */,
				C30F7EAE29E1EDA20001666E /* GenericNetworkLayerUITestsLaunchTests.swift */,
			);
			path = GenericNetworkLayerUITests;
			sourceTree = "<group>";
		};
		C30F7EBB29E1EE8A0001666E /* Core */ = {
			isa = PBXGroup;
			children = (
				C30F7EC429E1F70B0001666E /* Post */,
				C30F7EC029E1EEED0001666E /* NetworkHelper.swift */,
				C30F7EC229E1EEFC0001666E /* NetworkManager.swift */,
			);
			path = Core;
			sourceTree = "<group>";
		};
		C30F7EBC29E1EEA70001666E /* Model */ = {
			isa = PBXGroup;
			children = (
				C30F7EC729E1FD2B0001666E /* Post.swift */,
				C30F7ECB29E1FFCC0001666E /* Comment.swift */,
			);
			path = Model;
			sourceTree = "<group>";
		};
		C30F7EBD29E1EEB10001666E /* ViewModel */ = {
			isa = PBXGroup;
			children = (
				C30F7EC929E1FE760001666E /* PostViewModel.swift */,
			);
			path = ViewModel;
			sourceTree = "<group>";
		};
		C30F7EBE29E1EEB70001666E /* View */ = {
			isa = PBXGroup;
			children = (
				C30F7E8F29E1EDA00001666E /* ViewController.swift */,
			);
			path = View;
			sourceTree = "<group>";
		};
		C30F7EBF29E1EEC00001666E /* Utils */ = {
			isa = PBXGroup;
			children = (
				C30F7E8B29E1EDA00001666E /* AppDelegate.swift */,
				C30F7E8D29E1EDA00001666E /* SceneDelegate.swift */,
			);
			path = Utils;
			sourceTree = "<group>";
		};
		C30F7EC429E1F70B0001666E /* Post */ = {
			isa = PBXGroup;
			children = (
				C30F7EC529E1F71F0001666E /* PostManager.swift */,
			);
			path = Post;
			sourceTree = "<group>";
		};
/* End PBXGroup section */

/* Begin PBXNativeTarget section */
		C30F7E8729E1EDA00001666E /* GenericNetworkLayer */ = {
			isa = PBXNativeTarget;
			buildConfigurationList = C30F7EB229E1EDA20001666E /* Build configuration list for PBXNativeTarget "GenericNetworkLayer" */;
			buildPhases = (
				C30F7E8429E1EDA00001666E /* Sources */,
				C30F7E8529E1EDA00001666E /* Frameworks */,
				C30F7E8629E1EDA00001666E /* Resources */,
			);
			buildRules = (
			);
			dependencies = (
			);
			name = GenericNetworkLayer;
			packageProductDependencies = (
				C3FEAF9C29E2B7360051CD29 /* Alamofire */,
			);
			productName = GenericNetworkLayer;
			productReference = C30F7E8829E1EDA00001666E /* GenericNetworkLayer.app */;
			productType = "com.apple.product-type.application";
		};
		C30F7E9D29E1EDA20001666E /* GenericNetworkLayerTests */ = {
			isa = PBXNativeTarget;
			buildConfigurationList = C30F7EB529E1EDA20001666E /* Build configuration list for PBXNativeTarget "GenericNetworkLayerTests" */;
			buildPhases = (
				C30F7E9A29E1EDA20001666E /* Sources */,
				C30F7E9B29E1EDA20001666E /* Frameworks */,
				C30F7E9C29E1EDA20001666E /* Resources */,
			);
			buildRules = (
			);
			dependencies = (
				C30F7EA029E1EDA20001666E /* PBXTargetDependency */,
			);
			name = GenericNetworkLayerTests;
			productName = GenericNetworkLayerTests;
			productReference = C30F7E9E29E1EDA20001666E /* GenericNetworkLayerTests.xctest */;
			productType = "com.apple.product-type.bundle.unit-test";
		};
		C30F7EA729E1EDA20001666E /* GenericNetworkLayerUITests */ = {
			isa = PBXNativeTarget;
			buildConfigurationList = C30F7EB829E1EDA20001666E /* Build configuration list for PBXNativeTarget "GenericNetworkLayerUITests" */;
			buildPhases = (
				C30F7EA429E1EDA20001666E /* Sources */,
				C30F7EA529E1EDA20001666E /* Frameworks */,
				C30F7EA629E1EDA20001666E /* Resources */,
			);
			buildRules = (
			);
			dependencies = (
				C30F7EAA29E1EDA20001666E /* PBXTargetDependency */,
			);
			name = GenericNetworkLayerUITests;
			productName = GenericNetworkLayerUITests;
			productReference = C30F7EA829E1EDA20001666E /* GenericNetworkLayerUITests.xctest */;
			productType = "com.apple.product-type.bundle.ui-testing";
		};
/* End PBXNativeTarget section */

/* Begin PBXProject section */
		C30F7E8029E1EDA00001666E /* Project object */ = {
			isa = PBXProject;
			attributes = {
				BuildIndependentTargetsInParallel = 1;
				LastSwiftUpdateCheck = 1430;
				LastUpgradeCheck = 1430;
				TargetAttributes = {
					C30F7E8729E1EDA00001666E = {
						CreatedOnToolsVersion = 14.3;
					};
					C30F7E9D29E1EDA20001666E = {
						CreatedOnToolsVersion = 14.3;
						TestTargetID = C30F7E8729E1EDA00001666E;
					};
					C30F7EA729E1EDA20001666E = {
						CreatedOnToolsVersion = 14.3;
						TestTargetID = C30F7E8729E1EDA00001666E;
					};
				};
			};
			buildConfigurationList = C30F7E8329E1EDA00001666E /* Build configuration list for PBXProject "GenericNetworkLayer" */;
			compatibilityVersion = "Xcode 14.0";
			developmentRegion = en;
			hasScannedForEncodings = 0;
			knownRegions = (
				en,
				Base,
			);
			mainGroup = C30F7E7F29E1EDA00001666E;
			packageReferences = (
				C3FEAF9B29E2B7360051CD29 /* XCRemoteSwiftPackageReference "Alamofire" */,
			);
			productRefGroup = C30F7E8929E1EDA00001666E /* Products */;
			projectDirPath = "";
			projectRoot = "";
			targets = (
				C30F7E8729E1EDA00001666E /* GenericNetworkLayer */,
				C30F7E9D29E1EDA20001666E /* GenericNetworkLayerTests */,
				C30F7EA729E1EDA20001666E /* GenericNetworkLayerUITests */,
			);
		};
/* End PBXProject section */

/* Begin PBXResourcesBuildPhase section */
		C30F7E8629E1EDA00001666E /* Resources */ = {
			isa = PBXResourcesBuildPhase;
			buildActionMask = 2147483647;
			files = (
				C30F7E9829E1EDA20001666E /* LaunchScreen.storyboard in Resources */,
				C30F7E9529E1EDA20001666E /* Assets.xcassets in Resources */,
			);
			runOnlyForDeploymentPostprocessing = 0;
		};
		C30F7E9C29E1EDA20001666E /* Resources */ = {
			isa = PBXResourcesBuildPhase;
			buildActionMask = 2147483647;
			files = (
			);
			runOnlyForDeploymentPostprocessing = 0;
		};
		C30F7EA629E1EDA20001666E /* Resources */ = {
			isa = PBXResourcesBuildPhase;
			buildActionMask = 2147483647;
			files = (
			);
			runOnlyForDeploymentPostprocessing = 0;
		};
/* End PBXResourcesBuildPhase section */

/* Begin PBXSourcesBuildPhase section */
		C30F7E8429E1EDA00001666E /* Sources */ = {
			isa = PBXSourcesBuildPhase;
			buildActionMask = 2147483647;
			files = (
				C30F7ECA29E1FE760001666E /* PostViewModel.swift in Sources */,
				C30F7EC129E1EEED0001666E /* NetworkHelper.swift in Sources */,
				C30F7E9029E1EDA00001666E /* ViewController.swift in Sources */,
				C30F7EC329E1EEFC0001666E /* NetworkManager.swift in Sources */,
				C30F7E8C29E1EDA00001666E /* AppDelegate.swift in Sources */,
				C30F7E8E29E1EDA00001666E /* SceneDelegate.swift in Sources */,
				C30F7EC829E1FD2B0001666E /* Post.swift in Sources */,
				C30F7ECC29E1FFCC0001666E /* Comment.swift in Sources */,
				C30F7EC629E1F71F0001666E /* PostManager.swift in Sources */,
			);
			runOnlyForDeploymentPostprocessing = 0;
		};
		C30F7E9A29E1EDA20001666E /* Sources */ = {
			isa = PBXSourcesBuildPhase;
			buildActionMask = 2147483647;
			files = (
				C30F7EA329E1EDA20001666E /* GenericNetworkLayerTests.swift in Sources */,
			);
			runOnlyForDeploymentPostprocessing = 0;
		};
		C30F7EA429E1EDA20001666E /* Sources */ = {
			isa = PBXSourcesBuildPhase;
			buildActionMask = 2147483647;
			files = (
				C30F7EAD29E1EDA20001666E /* GenericNetworkLayerUITests.swift in Sources */,
				C30F7EAF29E1EDA20001666E /* GenericNetworkLayerUITestsLaunchTests.swift in Sources */,
			);
			runOnlyForDeploymentPostprocessing = 0;
		};
/* End PBXSourcesBuildPhase section */

/* Begin PBXTargetDependency section */
		C30F7EA029E1EDA20001666E /* PBXTargetDependency */ = {
			isa = PBXTargetDependency;
			target = C30F7E8729E1EDA00001666E /* GenericNetworkLayer */;
			targetProxy = C30F7E9F29E1EDA20001666E /* PBXContainerItemProxy */;
		};
		C30F7EAA29E1EDA20001666E /* PBXTargetDependency */ = {
			isa = PBXTargetDependency;
			target = C30F7E8729E1EDA00001666E /* GenericNetworkLayer */;
			targetProxy = C30F7EA929E1EDA20001666E /* PBXContainerItemProxy */;
		};
/* End PBXTargetDependency section */

/* Begin PBXVariantGroup section */
		C30F7E9629E1EDA20001666E /* LaunchScreen.storyboard */ = {
			isa = PBXVariantGroup;
			children = (
				C30F7E9729E1EDA20001666E /* Base */,
			);
			name = LaunchScreen.storyboard;
			sourceTree = "<group>";
		};
/* End PBXVariantGroup section */

/* Begin XCBuildConfiguration section */
		C30F7EB029E1EDA20001666E /* Debug */ = {
			isa = XCBuildConfiguration;
			buildSettings = {
				ALWAYS_SEARCH_USER_PATHS = NO;
				CLANG_ANALYZER_NONNULL = YES;
				CLANG_ANALYZER_NUMBER_OBJECT_CONVERSION = YES_AGGRESSIVE;
				CLANG_CXX_LANGUAGE_STANDARD = "gnu++20";
				CLANG_ENABLE_MODULES = YES;
				CLANG_ENABLE_OBJC_ARC = YES;
				CLANG_ENABLE_OBJC_WEAK = YES;
				CLANG_WARN_BLOCK_CAPTURE_AUTORELEASING = YES;
				CLANG_WARN_BOOL_CONVERSION = YES;
				CLANG_WARN_COMMA = YES;
				CLANG_WARN_CONSTANT_CONVERSION = YES;
				CLANG_WARN_DEPRECATED_OBJC_IMPLEMENTATIONS = YES;
				CLANG_WARN_DIRECT_OBJC_ISA_USAGE = YES_ERROR;
				CLANG_WARN_DOCUMENTATION_COMMENTS = YES;
				CLANG_WARN_EMPTY_BODY = YES;
				CLANG_WARN_ENUM_CONVERSION = YES;
				CLANG_WARN_INFINITE_RECURSION = YES;
				CLANG_WARN_INT_CONVERSION = YES;
				CLANG_WARN_NON_LITERAL_NULL_CONVERSION = YES;
				CLANG_WARN_OBJC_IMPLICIT_RETAIN_SELF = YES;
				CLANG_WARN_OBJC_LITERAL_CONVERSION = YES;
				CLANG_WARN_OBJC_ROOT_CLASS = YES_ERROR;
				CLANG_WARN_QUOTED_INCLUDE_IN_FRAMEWORK_HEADER = YES;
				CLANG_WARN_RANGE_LOOP_ANALYSIS = YES;
				CLANG_WARN_STRICT_PROTOTYPES = YES;
				CLANG_WARN_SUSPICIOUS_MOVE = YES;
				CLANG_WARN_UNGUARDED_AVAILABILITY = YES_AGGRESSIVE;
				CLANG_WARN_UNREACHABLE_CODE = YES;
				CLANG_WARN__DUPLICATE_METHOD_MATCH = YES;
				COPY_PHASE_STRIP = NO;
				DEBUG_INFORMATION_FORMAT = dwarf;
				ENABLE_STRICT_OBJC_MSGSEND = YES;
				ENABLE_TESTABILITY = YES;
				GCC_C_LANGUAGE_STANDARD = gnu11;
				GCC_DYNAMIC_NO_PIC = NO;
				GCC_NO_COMMON_BLOCKS = YES;
				GCC_OPTIMIZATION_LEVEL = 0;
				GCC_PREPROCESSOR_DEFINITIONS = (
					"DEBUG=1",
					"$(inherited)",
				);
				GCC_WARN_64_TO_32_BIT_CONVERSION = YES;
				GCC_WARN_ABOUT_RETURN_TYPE = YES_ERROR;
				GCC_WARN_UNDECLARED_SELECTOR = YES;
				GCC_WARN_UNINITIALIZED_AUTOS = YES_AGGRESSIVE;
				GCC_WARN_UNUSED_FUNCTION = YES;
				GCC_WARN_UNUSED_VARIABLE = YES;
				IPHONEOS_DEPLOYMENT_TARGET = 16.4;
				MTL_ENABLE_DEBUG_INFO = INCLUDE_SOURCE;
				MTL_FAST_MATH = YES;
				ONLY_ACTIVE_ARCH = YES;
				SDKROOT = iphoneos;
				SWIFT_ACTIVE_COMPILATION_CONDITIONS = DEBUG;
				SWIFT_OPTIMIZATION_LEVEL = "-Onone";
			};
			name = Debug;
		};
		C30F7EB129E1EDA20001666E /* Release */ = {
			isa = XCBuildConfiguration;
			buildSettings = {
				ALWAYS_SEARCH_USER_PATHS = NO;
				CLANG_ANALYZER_NONNULL = YES;
				CLANG_ANALYZER_NUMBER_OBJECT_CONVERSION = YES_AGGRESSIVE;
				CLANG_CXX_LANGUAGE_STANDARD = "gnu++20";
				CLANG_ENABLE_MODULES = YES;
				CLANG_ENABLE_OBJC_ARC = YES;
				CLANG_ENABLE_OBJC_WEAK = YES;
				CLANG_WARN_BLOCK_CAPTURE_AUTORELEASING = YES;
				CLANG_WARN_BOOL_CONVERSION = YES;
				CLANG_WARN_COMMA = YES;
				CLANG_WARN_CONSTANT_CONVERSION = YES;
				CLANG_WARN_DEPRECATED_OBJC_IMPLEMENTATIONS = YES;
				CLANG_WARN_DIRECT_OBJC_ISA_USAGE = YES_ERROR;
				CLANG_WARN_DOCUMENTATION_COMMENTS = YES;
				CLANG_WARN_EMPTY_BODY = YES;
				CLANG_WARN_ENUM_CONVERSION = YES;
				CLANG_WARN_INFINITE_RECURSION = YES;
				CLANG_WARN_INT_CONVERSION = YES;
				CLANG_WARN_NON_LITERAL_NULL_CONVERSION = YES;
				CLANG_WARN_OBJC_IMPLICIT_RETAIN_SELF = YES;
				CLANG_WARN_OBJC_LITERAL_CONVERSION = YES;
				CLANG_WARN_OBJC_ROOT_CLASS = YES_ERROR;
				CLANG_WARN_QUOTED_INCLUDE_IN_FRAMEWORK_HEADER = YES;
				CLANG_WARN_RANGE_LOOP_ANALYSIS = YES;
				CLANG_WARN_STRICT_PROTOTYPES = YES;
				CLANG_WARN_SUSPICIOUS_MOVE = YES;
				CLANG_WARN_UNGUARDED_AVAILABILITY = YES_AGGRESSIVE;
				CLANG_WARN_UNREACHABLE_CODE = YES;
				CLANG_WARN__DUPLICATE_METHOD_MATCH = YES;
				COPY_PHASE_STRIP = NO;
				DEBUG_INFORMATION_FORMAT = "dwarf-with-dsym";
				ENABLE_NS_ASSERTIONS = NO;
				ENABLE_STRICT_OBJC_MSGSEND = YES;
				GCC_C_LANGUAGE_STANDARD = gnu11;
				GCC_NO_COMMON_BLOCKS = YES;
				GCC_WARN_64_TO_32_BIT_CONVERSION = YES;
				GCC_WARN_ABOUT_RETURN_TYPE = YES_ERROR;
				GCC_WARN_UNDECLARED_SELECTOR = YES;
				GCC_WARN_UNINITIALIZED_AUTOS = YES_AGGRESSIVE;
				GCC_WARN_UNUSED_FUNCTION = YES;
				GCC_WARN_UNUSED_VARIABLE = YES;
				IPHONEOS_DEPLOYMENT_TARGET = 16.4;
				MTL_ENABLE_DEBUG_INFO = NO;
				MTL_FAST_MATH = YES;
				SDKROOT = iphoneos;
				SWIFT_COMPILATION_MODE = wholemodule;
				SWIFT_OPTIMIZATION_LEVEL = "-O";
				VALIDATE_PRODUCT = YES;
			};
			name = Release;
		};
		C30F7EB329E1EDA20001666E /* Debug */ = {
			isa = XCBuildConfiguration;
			buildSettings = {
				ASSETCATALOG_COMPILER_APPICON_NAME = AppIcon;
				ASSETCATALOG_COMPILER_GLOBAL_ACCENT_COLOR_NAME = AccentColor;
				CODE_SIGN_STYLE = Automatic;
				CURRENT_PROJECT_VERSION = 1;
				DEVELOPMENT_TEAM = TQ4VYT6TQ8;
				GENERATE_INFOPLIST_FILE = YES;
				INFOPLIST_FILE = GenericNetworkLayer/Info.plist;
				INFOPLIST_KEY_UIApplicationSupportsIndirectInputEvents = YES;
				INFOPLIST_KEY_UILaunchStoryboardName = LaunchScreen;
				INFOPLIST_KEY_UISupportedInterfaceOrientations_iPad = "UIInterfaceOrientationPortrait UIInterfaceOrientationPortraitUpsideDown UIInterfaceOrientationLandscapeLeft UIInterfaceOrientationLandscapeRight";
				INFOPLIST_KEY_UISupportedInterfaceOrientations_iPhone = "UIInterfaceOrientationPortrait UIInterfaceOrientationLandscapeLeft UIInterfaceOrientationLandscapeRight";
				LD_RUNPATH_SEARCH_PATHS = (
					"$(inherited)",
					"@executable_path/Frameworks",
				);
				MARKETING_VERSION = 1.0;
				PRODUCT_BUNDLE_IDENTIFIER = com.yildirim.GenericNetworkLayer;
				PRODUCT_NAME = "$(TARGET_NAME)";
				SWIFT_EMIT_LOC_STRINGS = YES;
				SWIFT_VERSION = 5.0;
				TARGETED_DEVICE_FAMILY = "1,2";
			};
			name = Debug;
		};
		C30F7EB429E1EDA20001666E /* Release */ = {
			isa = XCBuildConfiguration;
			buildSettings = {
				ASSETCATALOG_COMPILER_APPICON_NAME = AppIcon;
				ASSETCATALOG_COMPILER_GLOBAL_ACCENT_COLOR_NAME = AccentColor;
				CODE_SIGN_STYLE = Automatic;
				CURRENT_PROJECT_VERSION = 1;
				DEVELOPMENT_TEAM = TQ4VYT6TQ8;
				GENERATE_INFOPLIST_FILE = YES;
				INFOPLIST_FILE = GenericNetworkLayer/Info.plist;
				INFOPLIST_KEY_UIApplicationSupportsIndirectInputEvents = YES;
				INFOPLIST_KEY_UILaunchStoryboardName = LaunchScreen;
				INFOPLIST_KEY_UISupportedInterfaceOrientations_iPad = "UIInterfaceOrientationPortrait UIInterfaceOrientationPortraitUpsideDown UIInterfaceOrientationLandscapeLeft UIInterfaceOrientationLandscapeRight";
				INFOPLIST_KEY_UISupportedInterfaceOrientations_iPhone = "UIInterfaceOrientationPortrait UIInterfaceOrientationLandscapeLeft UIInterfaceOrientationLandscapeRight";
				LD_RUNPATH_SEARCH_PATHS = (
					"$(inherited)",
					"@executable_path/Frameworks",
				);
				MARKETING_VERSION = 1.0;
				PRODUCT_BUNDLE_IDENTIFIER = com.yildirim.GenericNetworkLayer;
				PRODUCT_NAME = "$(TARGET_NAME)";
				SWIFT_EMIT_LOC_STRINGS = YES;
				SWIFT_VERSION = 5.0;
				TARGETED_DEVICE_FAMILY = "1,2";
			};
			name = Release;
		};
		C30F7EB629E1EDA20001666E /* Debug */ = {
			isa = XCBuildConfiguration;
			buildSettings = {
				ALWAYS_EMBED_SWIFT_STANDARD_LIBRARIES = YES;
				BUNDLE_LOADER = "$(TEST_HOST)";
				CODE_SIGN_STYLE = Automatic;
				CURRENT_PROJECT_VERSION = 1;
				DEVELOPMENT_TEAM = TQ4VYT6TQ8;
				GENERATE_INFOPLIST_FILE = YES;
				IPHONEOS_DEPLOYMENT_TARGET = 16.4;
				MARKETING_VERSION = 1.0;
				PRODUCT_BUNDLE_IDENTIFIER = com.yildirim.GenericNetworkLayerTests;
				PRODUCT_NAME = "$(TARGET_NAME)";
				SWIFT_EMIT_LOC_STRINGS = NO;
				SWIFT_VERSION = 5.0;
				TARGETED_DEVICE_FAMILY = "1,2";
				TEST_HOST = "$(BUILT_PRODUCTS_DIR)/GenericNetworkLayer.app/$(BUNDLE_EXECUTABLE_FOLDER_PATH)/GenericNetworkLayer";
			};
			name = Debug;
		};
		C30F7EB729E1EDA20001666E /* Release */ = {
			isa = XCBuildConfiguration;
			buildSettings = {
				ALWAYS_EMBED_SWIFT_STANDARD_LIBRARIES = YES;
				BUNDLE_LOADER = "$(TEST_HOST)";
				CODE_SIGN_STYLE = Automatic;
				CURRENT_PROJECT_VERSION = 1;
				DEVELOPMENT_TEAM = TQ4VYT6TQ8;
				GENERATE_INFOPLIST_FILE = YES;
				IPHONEOS_DEPLOYMENT_TARGET = 16.4;
				MARKETING_VERSION = 1.0;
				PRODUCT_BUNDLE_IDENTIFIER = com.yildirim.GenericNetworkLayerTests;
				PRODUCT_NAME = "$(TARGET_NAME)";
				SWIFT_EMIT_LOC_STRINGS = NO;
				SWIFT_VERSION = 5.0;
				TARGETED_DEVICE_FAMILY = "1,2";
				TEST_HOST = "$(BUILT_PRODUCTS_DIR)/GenericNetworkLayer.app/$(BUNDLE_EXECUTABLE_FOLDER_PATH)/GenericNetworkLayer";
			};
			name = Release;
		};
		C30F7EB929E1EDA20001666E /* Debug */ = {
			isa = XCBuildConfiguration;
			buildSettings = {
				ALWAYS_EMBED_SWIFT_STANDARD_LIBRARIES = YES;
				CODE_SIGN_STYLE = Automatic;
				CURRENT_PROJECT_VERSION = 1;
				DEVELOPMENT_TEAM = TQ4VYT6TQ8;
				GENERATE_INFOPLIST_FILE = YES;
				MARKETING_VERSION = 1.0;
				PRODUCT_BUNDLE_IDENTIFIER = com.yildirim.GenericNetworkLayerUITests;
				PRODUCT_NAME = "$(TARGET_NAME)";
				SWIFT_EMIT_LOC_STRINGS = NO;
				SWIFT_VERSION = 5.0;
				TARGETED_DEVICE_FAMILY = "1,2";
				TEST_TARGET_NAME = GenericNetworkLayer;
			};
			name = Debug;
		};
		C30F7EBA29E1EDA20001666E /* Release */ = {
			isa = XCBuildConfiguration;
			buildSettings = {
				ALWAYS_EMBED_SWIFT_STANDARD_LIBRARIES = YES;
				CODE_SIGN_STYLE = Automatic;
				CURRENT_PROJECT_VERSION = 1;
				DEVELOPMENT_TEAM = TQ4VYT6TQ8;
				GENERATE_INFOPLIST_FILE = YES;
				MARKETING_VERSION = 1.0;
				PRODUCT_BUNDLE_IDENTIFIER = com.yildirim.GenericNetworkLayerUITests;
				PRODUCT_NAME = "$(TARGET_NAME)";
				SWIFT_EMIT_LOC_STRINGS = NO;
				SWIFT_VERSION = 5.0;
				TARGETED_DEVICE_FAMILY = "1,2";
				TEST_TARGET_NAME = GenericNetworkLayer;
			};
			name = Release;
		};
/* End XCBuildConfiguration section */

/* Begin XCConfigurationList section */
		C30F7E8329E1EDA00001666E /* Build configuration list for PBXProject "GenericNetworkLayer" */ = {
			isa = XCConfigurationList;
			buildConfigurations = (
				C30F7EB029E1EDA20001666E /* Debug */,
				C30F7EB129E1EDA20001666E /* Release */,
			);
			defaultConfigurationIsVisible = 0;
			defaultConfigurationName = Release;
		};
		C30F7EB229E1EDA20001666E /* Build configuration list for PBXNativeTarget "GenericNetworkLayer" */ = {
			isa = XCConfigurationList;
			buildConfigurations = (
				C30F7EB329E1EDA20001666E /* Debug */,
				C30F7EB429E1EDA20001666E /* Release */,
			);
			defaultConfigurationIsVisible = 0;
			defaultConfigurationName = Release;
		};
		C30F7EB529E1EDA20001666E /* Build configuration list for PBXNativeTarget "GenericNetworkLayerTests" */ = {
			isa = XCConfigurationList;
			buildConfigurations = (
				C30F7EB629E1EDA20001666E /* Debug */,
				C30F7EB729E1EDA20001666E /* Release */,
			);
			defaultConfigurationIsVisible = 0;
			defaultConfigurationName = Release;
		};
		C30F7EB829E1EDA20001666E /* Build configuration list for PBXNativeTarget "GenericNetworkLayerUITests" */ = {
			isa = XCConfigurationList;
			buildConfigurations = (
				C30F7EB929E1EDA20001666E /* Debug */,
				C30F7EBA29E1EDA20001666E /* Release */,
			);
			defaultConfigurationIsVisible = 0;
			defaultConfigurationName = Release;
		};
/* End XCConfigurationList section */

/* Begin XCRemoteSwiftPackageReference section */
		C3FEAF9B29E2B7360051CD29 /* XCRemoteSwiftPackageReference "Alamofire" */ = {
			isa = XCRemoteSwiftPackageReference;
			repositoryURL = "https://github.com/Alamofire/Alamofire";
			requirement = {
				kind = upToNextMajorVersion;
				minimumVersion = 5.0.0;
			};
		};
/* End XCRemoteSwiftPackageReference section */

/* Begin XCSwiftPackageProductDependency section */
		C3FEAF9C29E2B7360051CD29 /* Alamofire */ = {
			isa = XCSwiftPackageProductDependency;
			package = C3FEAF9B29E2B7360051CD29 /* XCRemoteSwiftPackageReference "Alamofire" */;
			productName = Alamofire;
		};
/* End XCSwiftPackageProductDependency section */
	};
	rootObject = C30F7E8029E1EDA00001666E /* Project object */;
}
